
Microsoft Visual Studio Solution File, Format Version 12.00
# Visual Studio Version 17
VisualStudioVersion = 17.5.2.0
MinimumVisualStudioVersion = 10.0.40219.1
Project("{2150E333-8FDC-42A3-9474-1A3956D46DE8}") = "src", "src", "{827E0CD3-B72D-47B6-A68D-7590B98EB39B}"
EndProject
Project("{FAE04EC0-301F-11D3-BF4B-00C04F79EFBC}") = "Booking.Core", "src\Booking.Core\Booking.Core.csproj", "{7F045290-D570-0845-569C-20C44503D0A4}"
EndProject
Project("{FAE04EC0-301F-11D3-BF4B-00C04F79EFBC}") = "Booking.UseCases", "src\Booking.UseCases\Booking.UseCases.csproj", "{19F778CB-C974-4C3D-B20B-D8E4DC99D3AE}"
EndProject
Project("{FAE04EC0-301F-11D3-BF4B-00C04F79EFBC}") = "Booking.Infrastructure", "src\Booking.Infrastructure\Booking.Infrastructure.csproj", "{B4FB13F2-3950-4B9C-A448-394D30143C35}"
EndProject
Project("{FAE04EC0-301F-11D3-BF4B-00C04F79EFBC}") = "Booking.Api", "src\Booking.Api\Booking.Api.csproj", "{7AEF6084-22BB-4163-8B6F-D74B7B277BD3}"
EndProject
Global
	GlobalSection(SolutionConfigurationPlatforms) = preSolution
		Debug|Any CPU = Debug|Any CPU
		Debug|x64 = Debug|x64
		Debug|x86 = Debug|x86
		Release|Any CPU = Release|Any CPU
		Release|x64 = Release|x64
		Release|x86 = Release|x86
	EndGlobalSection
	GlobalSection(ProjectConfigurationPlatforms) = postSolution
		{7F045290-D570-0845-569C-20C44503D0A4}.Debug|Any CPU.ActiveCfg = Debug|Any CPU
		{7F045290-D570-0845-569C-20C44503D0A4}.Debug|Any CPU.Build.0 = Debug|Any CPU
		{7F045290-D570-0845-569C-20C44503D0A4}.Debug|x64.ActiveCfg = Debug|Any CPU
		{7F045290-D570-0845-569C-20C44503D0A4}.Debug|x64.Build.0 = Debug|Any CPU
		{7F045290-D570-0845-569C-20C44503D0A4}.Debug|x86.ActiveCfg = Debug|Any CPU
		{7F045290-D570-0845-569C-20C44503D0A4}.Debug|x86.Build.0 = Debug|Any CPU
		{7F045290-D570-0845-569C-20C44503D0A4}.Release|Any CPU.ActiveCfg = Release|Any CPU
		{7F045290-D570-0845-569C-20C44503D0A4}.Release|Any CPU.Build.0 = Release|Any CPU
		{7F045290-D570-0845-569C-20C44503D0A4}.Release|x64.ActiveCfg = Release|Any CPU
		{7F045290-D570-0845-569C-20C44503D0A4}.Release|x64.Build.0 = Release|Any CPU
		{7F045290-D570-0845-569C-20C44503D0A4}.Release|x86.ActiveCfg = Release|Any CPU
		{7F045290-D570-0845-569C-20C44503D0A4}.Release|x86.Build.0 = Release|Any CPU
		{19F778CB-C974-4C3D-B20B-D8E4DC99D3AE}.Debug|Any CPU.ActiveCfg = Debug|Any CPU
		{19F778CB-C974-4C3D-B20B-D8E4DC99D3AE}.Debug|Any CPU.Build.0 = Debug|Any CPU
		{19F778CB-C974-4C3D-B20B-D8E4DC99D3AE}.Debug|x64.ActiveCfg = Debug|Any CPU
		{19F778CB-C974-4C3D-B20B-D8E4DC99D3AE}.Debug|x64.Build.0 = Debug|Any CPU
		{19F778CB-C974-4C3D-B20B-D8E4DC99D3AE}.Debug|x86.ActiveCfg = Debug|Any CPU
		{19F778CB-C974-4C3D-B20B-D8E4DC99D3AE}.Debug|x86.Build.0 = Debug|Any CPU
		{19F778CB-C974-4C3D-B20B-D8E4DC99D3AE}.Release|Any CPU.ActiveCfg = Release|Any CPU
		{19F778CB-C974-4C3D-B20B-D8E4DC99D3AE}.Release|Any CPU.Build.0 = Release|Any CPU
		{19F778CB-C974-4C3D-B20B-D8E4DC99D3AE}.Release|x64.ActiveCfg = Release|Any CPU
		{19F778CB-C974-4C3D-B20B-D8E4DC99D3AE}.Release|x64.Build.0 = Release|Any CPU
		{19F778CB-C974-4C3D-B20B-D8E4DC99D3AE}.Release|x86.ActiveCfg = Release|Any CPU
		{19F778CB-C974-4C3D-B20B-D8E4DC99D3AE}.Release|x86.Build.0 = Release|Any CPU
		{B4FB13F2-3950-4B9C-A448-394D30143C35}.Debug|Any CPU.ActiveCfg = Debug|Any CPU
		{B4FB13F2-3950-4B9C-A448-394D30143C35}.Debug|Any CPU.Build.0 = Debug|Any CPU
		{B4FB13F2-3950-4B9C-A448-394D30143C35}.Debug|x64.ActiveCfg = Debug|Any CPU
		{B4FB13F2-3950-4B9C-A448-394D30143C35}.Debug|x64.Build.0 = Debug|Any CPU
		{B4FB13F2-3950-4B9C-A448-394D30143C35}.Debug|x86.ActiveCfg = Debug|Any CPU
		{B4FB13F2-3950-4B9C-A448-394D30143C35}.Debug|x86.Build.0 = Debug|Any CPU
		{B4FB13F2-3950-4B9C-A448-394D30143C35}.Release|Any CPU.ActiveCfg = Release|Any CPU
		{B4FB13F2-3950-4B9C-A448-394D30143C35}.Release|Any CPU.Build.0 = Release|Any CPU
		{B4FB13F2-3950-4B9C-A448-394D30143C35}.Release|x64.ActiveCfg = Release|Any CPU
		{B4FB13F2-3950-4B9C-A448-394D30143C35}.Release|x64.Build.0 = Release|Any CPU
		{B4FB13F2-3950-4B9C-A448-394D30143C35}.Release|x86.ActiveCfg = Release|Any CPU
		{B4FB13F2-3950-4B9C-A448-394D30143C35}.Release|x86.Build.0 = Release|Any CPU
		{7AEF6084-22BB-4163-8B6F-D74B7B277BD3}.Debug|Any CPU.ActiveCfg = Debug|Any CPU
		{7AEF6084-22BB-4163-8B6F-D74B7B277BD3}.Debug|Any CPU.Build.0 = Debug|Any CPU
		{7AEF6084-22BB-4163-8B6F-D74B7B277BD3}.Debug|x64.ActiveCfg = Debug|Any CPU
		{7AEF6084-22BB-4163-8B6F-D74B7B277BD3}.Debug|x64.Build.0 = Debug|Any CPU
		{7AEF6084-22BB-4163-8B6F-D74B7B277BD3}.Debug|x86.ActiveCfg = Debug|Any CPU
		{7AEF6084-22BB-4163-8B6F-D74B7B277BD3}.Debug|x86.Build.0 = Debug|Any CPU
		{7AEF6084-22BB-4163-8B6F-D74B7B277BD3}.Release|Any CPU.ActiveCfg = Release|Any CPU
		{7AEF6084-22BB-4163-8B6F-D74B7B277BD3}.Release|Any CPU.Build.0 = Release|Any CPU
		{7AEF6084-22BB-4163-8B6F-D74B7B277BD3}.Release|x64.ActiveCfg = Release|Any CPU
		{7AEF6084-22BB-4163-8B6F-D74B7B277BD3}.Release|x64.Build.0 = Release|Any CPU
		{7AEF6084-22BB-4163-8B6F-D74B7B277BD3}.Release|x86.ActiveCfg = Release|Any CPU
		{7AEF6084-22BB-4163-8B6F-D74B7B277BD3}.Release|x86.Build.0 = Release|Any CPU
	EndGlobalSection
	GlobalSection(SolutionProperties) = preSolution
		HideSolutionNode = FALSE
	EndGlobalSection
	GlobalSection(NestedProjects) = preSolution
		{7F045290-D570-0845-569C-20C44503D0A4} = {827E0CD3-B72D-47B6-A68D-7590B98EB39B}
		{19F778CB-C974-4C3D-B20B-D8E4DC99D3AE} = {827E0CD3-B72D-47B6-A68D-7590B98EB39B}
		{B4FB13F2-3950-4B9C-A448-394D30143C35} = {827E0CD3-B72D-47B6-A68D-7590B98EB39B}
		{7AEF6084-22BB-4163-8B6F-D74B7B277BD3} = {827E0CD3-B72D-47B6-A68D-7590B98EB39B}
	EndGlobalSection
	GlobalSection(ExtensibilityGlobals) = postSolution
		SolutionGuid = {5EE7539C-785B-49B6-99E8-894BFA5D31C4}
	EndGlobalSection
EndGlobal
